
Microsoft Visual Studio Solution File, Format Version 12.00
# Visual Studio Version 17
VisualStudioVersion = 17.8.34316.72
MinimumVisualStudioVersion = 10.0.40219.1
Project("{FAE04EC0-301F-11D3-BF4B-00C04F79EFBC}") = "HtmxDotnet", "HtmxDotnet.csproj", "{4CC6954E-1596-4F17-99DC-7C67A5B44156}"
EndProject
Global
	GlobalSection(SolutionConfigurationPlatforms) = preSolution
		Debug|Any CPU = Debug|Any CPU
		Release|Any CPU = Release|Any CPU
	EndGlobalSection
	GlobalSection(ProjectConfigurationPlatforms) = postSolution
		{4CC6954E-1596-4F17-99DC-7C67A5B44156}.Debug|Any CPU.ActiveCfg = Debug|Any CPU
		{4CC6954E-1596-4F17-99DC-7C67A5B44156}.Debug|Any CPU.Build.0 = Debug|Any CPU
		{4CC6954E-1596-4F17-99DC-7C67A5B44156}.Release|Any CPU.ActiveCfg = Release|Any CPU
		{4CC6954E-1596-4F17-99DC-7C67A5B44156}.Release|Any CPU.Build.0 = Release|Any CPU
	EndGlobalSection
	GlobalSection(SolutionProperties) = preSolution
		HideSolutionNode = FALSE
	EndGlobalSection
	GlobalSection(ExtensibilityGlobals) = postSolution
		SolutionGuid = {C5512D80-35EC-4980-82C3-3DA97D911168}
	EndGlobalSection
EndGlobal
